
Microsoft Visual Studio Solution File, Format Version 12.00
# Visual Studio Version 17
VisualStudioVersion = 17.8.34322.80
MinimumVisualStudioVersion = 10.0.40219.1
Project("{FAE04EC0-301F-11D3-BF4B-00C04F79EFBC}") = "FileMatcher", "FileMatcher.csproj", "{B39BF5D3-36FC-427C-850D-1D3442B060EB}"
EndProject
Global
	GlobalSection(SolutionConfigurationPlatforms) = preSolution
		Debug|Any CPU = Debug|Any CPU
		Release|Any CPU = Release|Any CPU
	EndGlobalSection
	GlobalSection(ProjectConfigurationPlatforms) = postSolution
		{B39BF5D3-36FC-427C-850D-1D3442B060EB}.Debug|Any CPU.ActiveCfg = Debug|Any CPU
		{B39BF5D3-36FC-427C-850D-1D3442B060EB}.Debug|Any CPU.Build.0 = Debug|Any CPU
		{B39BF5D3-36FC-427C-850D-1D3442B060EB}.Release|Any CPU.ActiveCfg = Release|Any CPU
		{B39BF5D3-36FC-427C-850D-1D3442B060EB}.Release|Any CPU.Build.0 = Release|Any CPU
	EndGlobalSection
	GlobalSection(SolutionProperties) = preSolution
		HideSolutionNode = FALSE
	EndGlobalSection
	GlobalSection(ExtensibilityGlobals) = postSolution
		SolutionGuid = {8927E761-469D-457F-8973-2A426EDF96D9}
	EndGlobalSection
EndGlobal
